
Microsoft Visual Studio Solution File, Format Version 12.00
# Visual Studio Version 16
VisualStudioVersion = 16.0.28729.10
MinimumVisualStudioVersion = 10.0.40219.1
Project("{2150E333-8FDC-42A3-9474-1A3956D46DE8}") = "Solution Items", "Solution Items", "{E73A5AF0-F457-4105-9475-9927FB89C046}"
	ProjectSection(SolutionItems) = preProject
		.gitignore = .gitignore
		README.md = README.md
	EndProjectSection
EndProject
Project("{9A19103F-16F7-4668-BE54-9A1E7A4F7556}") = "Heresy.Test", "Heresy.Test\Heresy.Test.csproj", "{A0467662-ED2F-42F0-A53B-0E60AA038A17}"
EndProject
Project("{9A19103F-16F7-4668-BE54-9A1E7A4F7556}") = "Heresy", "Heresy\Heresy.csproj", "{A8A03157-7BE6-40DA-878D-3C12B1CBE606}"
EndProject
Project("{FAE04EC0-301F-11D3-BF4B-00C04F79EFBC}") = "Either", "Either\Either.csproj", "{89314C3B-F719-4F9B-A3ED-0535A6CC1785}"
EndProject
Project("{FAE04EC0-301F-11D3-BF4B-00C04F79EFBC}") = "Either.Test", "Either.Test\Either.Test.csproj", "{9482382E-6591-46E7-8B86-C03263296D3F}"
EndProject
Project("{FAE04EC0-301F-11D3-BF4B-00C04F79EFBC}") = "NullableExtensions", "NullableExtensions\NullableExtensions.csproj", "{4698EA0C-6126-4909-8870-605AB2B87E44}"
EndProject
Project("{FAE04EC0-301F-11D3-BF4B-00C04F79EFBC}") = "NullableExtensions.Test", "NullableExtensions.Test\NullableExtensions.Test.csproj", "{6130C6DF-AA5C-4E73-8BF9-494ADA369C73}"
EndProject
Global
	GlobalSection(SolutionConfigurationPlatforms) = preSolution
		Debug|Any CPU = Debug|Any CPU
		Release|Any CPU = Release|Any CPU
	EndGlobalSection
	GlobalSection(ProjectConfigurationPlatforms) = postSolution
		{A0467662-ED2F-42F0-A53B-0E60AA038A17}.Debug|Any CPU.ActiveCfg = Debug|Any CPU
		{A0467662-ED2F-42F0-A53B-0E60AA038A17}.Debug|Any CPU.Build.0 = Debug|Any CPU
		{A0467662-ED2F-42F0-A53B-0E60AA038A17}.Release|Any CPU.ActiveCfg = Release|Any CPU
		{A0467662-ED2F-42F0-A53B-0E60AA038A17}.Release|Any CPU.Build.0 = Release|Any CPU
		{A8A03157-7BE6-40DA-878D-3C12B1CBE606}.Debug|Any CPU.ActiveCfg = Debug|Any CPU
		{A8A03157-7BE6-40DA-878D-3C12B1CBE606}.Debug|Any CPU.Build.0 = Debug|Any CPU
		{A8A03157-7BE6-40DA-878D-3C12B1CBE606}.Release|Any CPU.ActiveCfg = Release|Any CPU
		{A8A03157-7BE6-40DA-878D-3C12B1CBE606}.Release|Any CPU.Build.0 = Release|Any CPU
		{89314C3B-F719-4F9B-A3ED-0535A6CC1785}.Debug|Any CPU.ActiveCfg = Debug|Any CPU
		{89314C3B-F719-4F9B-A3ED-0535A6CC1785}.Debug|Any CPU.Build.0 = Debug|Any CPU
		{89314C3B-F719-4F9B-A3ED-0535A6CC1785}.Release|Any CPU.ActiveCfg = Release|Any CPU
		{89314C3B-F719-4F9B-A3ED-0535A6CC1785}.Release|Any CPU.Build.0 = Release|Any CPU
		{9482382E-6591-46E7-8B86-C03263296D3F}.Debug|Any CPU.ActiveCfg = Debug|Any CPU
		{9482382E-6591-46E7-8B86-C03263296D3F}.Debug|Any CPU.Build.0 = Debug|Any CPU
		{9482382E-6591-46E7-8B86-C03263296D3F}.Release|Any CPU.ActiveCfg = Release|Any CPU
		{9482382E-6591-46E7-8B86-C03263296D3F}.Release|Any CPU.Build.0 = Release|Any CPU
		{4698EA0C-6126-4909-8870-605AB2B87E44}.Debug|Any CPU.ActiveCfg = Debug|Any CPU
		{4698EA0C-6126-4909-8870-605AB2B87E44}.Debug|Any CPU.Build.0 = Debug|Any CPU
		{4698EA0C-6126-4909-8870-605AB2B87E44}.Release|Any CPU.ActiveCfg = Release|Any CPU
		{4698EA0C-6126-4909-8870-605AB2B87E44}.Release|Any CPU.Build.0 = Release|Any CPU
		{6130C6DF-AA5C-4E73-8BF9-494ADA369C73}.Debug|Any CPU.ActiveCfg = Debug|Any CPU
		{6130C6DF-AA5C-4E73-8BF9-494ADA369C73}.Debug|Any CPU.Build.0 = Debug|Any CPU
		{6130C6DF-AA5C-4E73-8BF9-494ADA369C73}.Release|Any CPU.ActiveCfg = Release|Any CPU
		{6130C6DF-AA5C-4E73-8BF9-494ADA369C73}.Release|Any CPU.Build.0 = Release|Any CPU
	EndGlobalSection
	GlobalSection(SolutionProperties) = preSolution
		HideSolutionNode = FALSE
	EndGlobalSection
	GlobalSection(ExtensibilityGlobals) = postSolution
		SolutionGuid = {E7F8C1A8-F783-49BB-A5E9-AA7E66CF20A4}
	EndGlobalSection
EndGlobal
